
Microsoft Visual Studio Solution File, Format Version 12.00
# Visual Studio Version 17
VisualStudioVersion = 17.13.35931.197 d17.13
MinimumVisualStudioVersion = 10.0.40219.1
Project("{FAE04EC0-301F-11D3-BF4B-00C04F79EFBC}") = "LiteCompiler", "LiteCompiler.csproj", "{247A980F-A85D-42A2-AC6E-30F77F4C921F}"
EndProject
Global
	GlobalSection(SolutionConfigurationPlatforms) = preSolution
		Debug|Any CPU = Debug|Any CPU
		Release|Any CPU = Release|Any CPU
	EndGlobalSection
	GlobalSection(ProjectConfigurationPlatforms) = postSolution
		{247A980F-A85D-42A2-AC6E-30F77F4C921F}.Debug|Any CPU.ActiveCfg = Debug|Any CPU
		{247A980F-A85D-42A2-AC6E-30F77F4C921F}.Debug|Any CPU.Build.0 = Debug|Any CPU
		{247A980F-A85D-42A2-AC6E-30F77F4C921F}.Release|Any CPU.ActiveCfg = Release|Any CPU
		{247A980F-A85D-42A2-AC6E-30F77F4C921F}.Release|Any CPU.Build.0 = Release|Any CPU
	EndGlobalSection
	GlobalSection(SolutionProperties) = preSolution
		HideSolutionNode = FALSE
	EndGlobalSection
	GlobalSection(ExtensibilityGlobals) = postSolution
		SolutionGuid = {A94B7C56-46B0-41A4-9920-ED15ADB9001E}
	EndGlobalSection
EndGlobal
